
Microsoft Visual Studio Solution File, Format Version 12.00
# Visual Studio Version 17
VisualStudioVersion = 17.14.36429.23 d17.14
MinimumVisualStudioVersion = 10.0.40219.1
Project("{FAE04EC0-301F-11D3-BF4B-00C04F79EFBC}") = "Task 1", "Task 1\Task 1.csproj", "{20740F32-A24F-498C-B39E-624B8CA04EC3}"
EndProject
Project("{FAE04EC0-301F-11D3-BF4B-00C04F79EFBC}") = "Task2", "Task2\Task2.csproj", "{9EE56B8C-8DDF-4C9D-BD59-33EB7D4F781D}"
EndProject
Project("{FAE04EC0-301F-11D3-BF4B-00C04F79EFBC}") = "Task 3", "Task 3\Task 3.csproj", "{0945BC52-50F5-4AEF-A123-82510222F2DD}"
EndProject
Global
	GlobalSection(SolutionConfigurationPlatforms) = preSolution
		Debug|Any CPU = Debug|Any CPU
		Release|Any CPU = Release|Any CPU
	EndGlobalSection
	GlobalSection(ProjectConfigurationPlatforms) = postSolution
		{20740F32-A24F-498C-B39E-624B8CA04EC3}.Debug|Any CPU.ActiveCfg = Debug|Any CPU
		{20740F32-A24F-498C-B39E-624B8CA04EC3}.Debug|Any CPU.Build.0 = Debug|Any CPU
		{20740F32-A24F-498C-B39E-624B8CA04EC3}.Release|Any CPU.ActiveCfg = Release|Any CPU
		{20740F32-A24F-498C-B39E-624B8CA04EC3}.Release|Any CPU.Build.0 = Release|Any CPU
		{9EE56B8C-8DDF-4C9D-BD59-33EB7D4F781D}.Debug|Any CPU.ActiveCfg = Debug|Any CPU
		{9EE56B8C-8DDF-4C9D-BD59-33EB7D4F781D}.Debug|Any CPU.Build.0 = Debug|Any CPU
		{9EE56B8C-8DDF-4C9D-BD59-33EB7D4F781D}.Release|Any CPU.ActiveCfg = Release|Any CPU
		{9EE56B8C-8DDF-4C9D-BD59-33EB7D4F781D}.Release|Any CPU.Build.0 = Release|Any CPU
		{0945BC52-50F5-4AEF-A123-82510222F2DD}.Debug|Any CPU.ActiveCfg = Debug|Any CPU
		{0945BC52-50F5-4AEF-A123-82510222F2DD}.Debug|Any CPU.Build.0 = Debug|Any CPU
		{0945BC52-50F5-4AEF-A123-82510222F2DD}.Release|Any CPU.ActiveCfg = Release|Any CPU
		{0945BC52-50F5-4AEF-A123-82510222F2DD}.Release|Any CPU.Build.0 = Release|Any CPU
	EndGlobalSection
	GlobalSection(SolutionProperties) = preSolution
		HideSolutionNode = FALSE
	EndGlobalSection
	GlobalSection(ExtensibilityGlobals) = postSolution
		SolutionGuid = {3152F0AC-8A6C-4E44-B590-3FEBDBC7630A}
	EndGlobalSection
EndGlobal
