
Microsoft Visual Studio Solution File, Format Version 12.00
# Visual Studio Version 17
VisualStudioVersion = 17.14.36429.23 d17.14
MinimumVisualStudioVersion = 10.0.40219.1
Project("{FAE04EC0-301F-11D3-BF4B-00C04F79EFBC}") = "Task1", "Task1\Task1.csproj", "{0D28327A-6E8B-48F8-A083-9211638A35AE}"
EndProject
Project("{FAE04EC0-301F-11D3-BF4B-00C04F79EFBC}") = "Task2", "Task2\Task2.csproj", "{A33C7909-10E0-414B-BA31-1C3CA97CA863}"
EndProject
Project("{FAE04EC0-301F-11D3-BF4B-00C04F79EFBC}") = "Task3", "Task3\Task3.csproj", "{9C0DF52E-59E0-4809-9B7B-F709FB23C02E}"
EndProject
Global
	GlobalSection(SolutionConfigurationPlatforms) = preSolution
		Debug|Any CPU = Debug|Any CPU
		Release|Any CPU = Release|Any CPU
	EndGlobalSection
	GlobalSection(ProjectConfigurationPlatforms) = postSolution
		{0D28327A-6E8B-48F8-A083-9211638A35AE}.Debug|Any CPU.ActiveCfg = Debug|Any CPU
		{0D28327A-6E8B-48F8-A083-9211638A35AE}.Debug|Any CPU.Build.0 = Debug|Any CPU
		{0D28327A-6E8B-48F8-A083-9211638A35AE}.Release|Any CPU.ActiveCfg = Release|Any CPU
		{0D28327A-6E8B-48F8-A083-9211638A35AE}.Release|Any CPU.Build.0 = Release|Any CPU
		{A33C7909-10E0-414B-BA31-1C3CA97CA863}.Debug|Any CPU.ActiveCfg = Debug|Any CPU
		{A33C7909-10E0-414B-BA31-1C3CA97CA863}.Debug|Any CPU.Build.0 = Debug|Any CPU
		{A33C7909-10E0-414B-BA31-1C3CA97CA863}.Release|Any CPU.ActiveCfg = Release|Any CPU
		{A33C7909-10E0-414B-BA31-1C3CA97CA863}.Release|Any CPU.Build.0 = Release|Any CPU
		{9C0DF52E-59E0-4809-9B7B-F709FB23C02E}.Debug|Any CPU.ActiveCfg = Debug|Any CPU
		{9C0DF52E-59E0-4809-9B7B-F709FB23C02E}.Debug|Any CPU.Build.0 = Debug|Any CPU
		{9C0DF52E-59E0-4809-9B7B-F709FB23C02E}.Release|Any CPU.ActiveCfg = Release|Any CPU
		{9C0DF52E-59E0-4809-9B7B-F709FB23C02E}.Release|Any CPU.Build.0 = Release|Any CPU
	EndGlobalSection
	GlobalSection(SolutionProperties) = preSolution
		HideSolutionNode = FALSE
	EndGlobalSection
	GlobalSection(ExtensibilityGlobals) = postSolution
		SolutionGuid = {3885AAFB-5B62-41C3-AEBE-BBE8604259C3}
	EndGlobalSection
EndGlobal
