
Microsoft Visual Studio Solution File, Format Version 12.00
# Visual Studio Version 17
VisualStudioVersion = 17.14.36429.23
MinimumVisualStudioVersion = 10.0.40219.1
Project("{FAE04EC0-301F-11D3-BF4B-00C04F79EFBC}") = "Task1", "Task1\Task1.csproj", "{699874A8-6034-4730-802A-28E9C3874099}"
EndProject
Project("{FAE04EC0-301F-11D3-BF4B-00C04F79EFBC}") = "Task2", "Task2\Task2.csproj", "{655AAE52-744A-493D-97EE-7F0848151916}"
EndProject
Project("{FAE04EC0-301F-11D3-BF4B-00C04F79EFBC}") = "Task3", "Task3\Task3.csproj", "{8457DB71-79FA-4508-BF3A-F0B0F6BDC763}"
EndProject
Project("{FAE04EC0-301F-11D3-BF4B-00C04F79EFBC}") = "Task4", "Task4\Task4.csproj", "{65C84517-6B9D-4D12-BB1C-42EBB95E4305}"
EndProject
Global
	GlobalSection(SolutionConfigurationPlatforms) = preSolution
		Debug|Any CPU = Debug|Any CPU
		Release|Any CPU = Release|Any CPU
	EndGlobalSection
	GlobalSection(ProjectConfigurationPlatforms) = postSolution
		{699874A8-6034-4730-802A-28E9C3874099}.Debug|Any CPU.ActiveCfg = Debug|Any CPU
		{699874A8-6034-4730-802A-28E9C3874099}.Debug|Any CPU.Build.0 = Debug|Any CPU
		{699874A8-6034-4730-802A-28E9C3874099}.Release|Any CPU.ActiveCfg = Release|Any CPU
		{699874A8-6034-4730-802A-28E9C3874099}.Release|Any CPU.Build.0 = Release|Any CPU
		{655AAE52-744A-493D-97EE-7F0848151916}.Debug|Any CPU.ActiveCfg = Debug|Any CPU
		{655AAE52-744A-493D-97EE-7F0848151916}.Debug|Any CPU.Build.0 = Debug|Any CPU
		{655AAE52-744A-493D-97EE-7F0848151916}.Release|Any CPU.ActiveCfg = Release|Any CPU
		{655AAE52-744A-493D-97EE-7F0848151916}.Release|Any CPU.Build.0 = Release|Any CPU
		{8457DB71-79FA-4508-BF3A-F0B0F6BDC763}.Debug|Any CPU.ActiveCfg = Debug|Any CPU
		{8457DB71-79FA-4508-BF3A-F0B0F6BDC763}.Debug|Any CPU.Build.0 = Debug|Any CPU
		{8457DB71-79FA-4508-BF3A-F0B0F6BDC763}.Release|Any CPU.ActiveCfg = Release|Any CPU
		{8457DB71-79FA-4508-BF3A-F0B0F6BDC763}.Release|Any CPU.Build.0 = Release|Any CPU
		{65C84517-6B9D-4D12-BB1C-42EBB95E4305}.Debug|Any CPU.ActiveCfg = Debug|Any CPU
		{65C84517-6B9D-4D12-BB1C-42EBB95E4305}.Debug|Any CPU.Build.0 = Debug|Any CPU
		{65C84517-6B9D-4D12-BB1C-42EBB95E4305}.Release|Any CPU.ActiveCfg = Release|Any CPU
		{65C84517-6B9D-4D12-BB1C-42EBB95E4305}.Release|Any CPU.Build.0 = Release|Any CPU
	EndGlobalSection
	GlobalSection(SolutionProperties) = preSolution
		HideSolutionNode = FALSE
	EndGlobalSection
	GlobalSection(ExtensibilityGlobals) = postSolution
		SolutionGuid = {1E80E523-D31E-4E95-8BFB-BEDD83C21830}
	EndGlobalSection
EndGlobal
