
Microsoft Visual Studio Solution File, Format Version 12.00
# Visual Studio Version 17
VisualStudioVersion = 17.14.36429.23 d17.14
MinimumVisualStudioVersion = 10.0.40219.1
Project("{FAE04EC0-301F-11D3-BF4B-00C04F79EFBC}") = "Task 1", "Task 1\Task 1.csproj", "{1C1A8317-DF5A-46C8-B4AF-710E1D40EA0D}"
EndProject
Global
	GlobalSection(SolutionConfigurationPlatforms) = preSolution
		Debug|Any CPU = Debug|Any CPU
		Release|Any CPU = Release|Any CPU
	EndGlobalSection
	GlobalSection(ProjectConfigurationPlatforms) = postSolution
		{1C1A8317-DF5A-46C8-B4AF-710E1D40EA0D}.Debug|Any CPU.ActiveCfg = Debug|Any CPU
		{1C1A8317-DF5A-46C8-B4AF-710E1D40EA0D}.Debug|Any CPU.Build.0 = Debug|Any CPU
		{1C1A8317-DF5A-46C8-B4AF-710E1D40EA0D}.Release|Any CPU.ActiveCfg = Release|Any CPU
		{1C1A8317-DF5A-46C8-B4AF-710E1D40EA0D}.Release|Any CPU.Build.0 = Release|Any CPU
	EndGlobalSection
	GlobalSection(SolutionProperties) = preSolution
		HideSolutionNode = FALSE
	EndGlobalSection
	GlobalSection(ExtensibilityGlobals) = postSolution
		SolutionGuid = {1F4408DB-B1A7-450D-B2C3-DA957F3E3FC4}
	EndGlobalSection
EndGlobal
