
Microsoft Visual Studio Solution File, Format Version 12.00
# Visual Studio Version 17
VisualStudioVersion = 17.14.36429.23 d17.14
MinimumVisualStudioVersion = 10.0.40219.1
Project("{FAE04EC0-301F-11D3-BF4B-00C04F79EFBC}") = "Task 1", "Task 1\Task 1.csproj", "{01C26CDF-163B-4A16-969B-E64303F38AF4}"
EndProject
Project("{FAE04EC0-301F-11D3-BF4B-00C04F79EFBC}") = "Task 2", "Task 2\Task 2.csproj", "{AFFCAB89-2A65-48FE-A099-3A2A6FD2E928}"
EndProject
Project("{FAE04EC0-301F-11D3-BF4B-00C04F79EFBC}") = "Task 3", "Task 3\Task 3.csproj", "{5F68F62A-67CF-498E-9CD9-E222CBDBA577}"
EndProject
Global
	GlobalSection(SolutionConfigurationPlatforms) = preSolution
		Debug|Any CPU = Debug|Any CPU
		Release|Any CPU = Release|Any CPU
	EndGlobalSection
	GlobalSection(ProjectConfigurationPlatforms) = postSolution
		{01C26CDF-163B-4A16-969B-E64303F38AF4}.Debug|Any CPU.ActiveCfg = Debug|Any CPU
		{01C26CDF-163B-4A16-969B-E64303F38AF4}.Debug|Any CPU.Build.0 = Debug|Any CPU
		{01C26CDF-163B-4A16-969B-E64303F38AF4}.Release|Any CPU.ActiveCfg = Release|Any CPU
		{01C26CDF-163B-4A16-969B-E64303F38AF4}.Release|Any CPU.Build.0 = Release|Any CPU
		{AFFCAB89-2A65-48FE-A099-3A2A6FD2E928}.Debug|Any CPU.ActiveCfg = Debug|Any CPU
		{AFFCAB89-2A65-48FE-A099-3A2A6FD2E928}.Debug|Any CPU.Build.0 = Debug|Any CPU
		{AFFCAB89-2A65-48FE-A099-3A2A6FD2E928}.Release|Any CPU.ActiveCfg = Release|Any CPU
		{AFFCAB89-2A65-48FE-A099-3A2A6FD2E928}.Release|Any CPU.Build.0 = Release|Any CPU
		{5F68F62A-67CF-498E-9CD9-E222CBDBA577}.Debug|Any CPU.ActiveCfg = Debug|Any CPU
		{5F68F62A-67CF-498E-9CD9-E222CBDBA577}.Debug|Any CPU.Build.0 = Debug|Any CPU
		{5F68F62A-67CF-498E-9CD9-E222CBDBA577}.Release|Any CPU.ActiveCfg = Release|Any CPU
		{5F68F62A-67CF-498E-9CD9-E222CBDBA577}.Release|Any CPU.Build.0 = Release|Any CPU
	EndGlobalSection
	GlobalSection(SolutionProperties) = preSolution
		HideSolutionNode = FALSE
	EndGlobalSection
	GlobalSection(ExtensibilityGlobals) = postSolution
		SolutionGuid = {D9DCADCB-DFF8-4C46-AE6F-037E851651E7}
	EndGlobalSection
EndGlobal
